{
  "name": "ri4",
  "version": "1.0.0",
  "lockfileVersion": 3,
  "requires": true,
  "packages": {
    "": {
      "name": "ri4",
      "version": "1.0.0",
      "license": "ISC",
      "dependencies": {
        "ri3-lupes3i-module": "^1.0.0"
      }
    },
    "node_modules/ri3-lupes3i-module": {
      "version": "1.0.0",
      "resolved": "https://registry.npmjs.org/ri3-lupes3i-module/-/ri3-lupes3i-module-1.0.0.tgz",
      "integrity": "sha512-pO82V9TaASlu+ApXgidKLnBQKRi5qr509Z6Y9BhabmCcRhqCISAvEaQQwQ32R07WONTuM2WAUVZJmqOzZlPf6g==",
      "license": "ISC"
    }
  }
}
